
Microsoft Visual Studio Solution File, Format Version 12.00
# Visual Studio Version 17
VisualStudioVersion = 17.2.32516.85
MinimumVisualStudioVersion = 10.0.40219.1
Project("{FAE04EC0-301F-11D3-BF4B-00C04F79EFBC}") = "Diploma", "Dimloma\Diploma.csproj", "{79335FAF-8BC4-40C1-B3A7-B68698E01157}"
EndProject
Global
	GlobalSection(SolutionConfigurationPlatforms) = preSolution
		Debug|Any CPU = Debug|Any CPU
		Release|Any CPU = Release|Any CPU
	EndGlobalSection
	GlobalSection(ProjectConfigurationPlatforms) = postSolution
		{79335FAF-8BC4-40C1-B3A7-B68698E01157}.Debug|Any CPU.ActiveCfg = Debug|Any CPU
		{79335FAF-8BC4-40C1-B3A7-B68698E01157}.Debug|Any CPU.Build.0 = Debug|Any CPU
		{79335FAF-8BC4-40C1-B3A7-B68698E01157}.Release|Any CPU.ActiveCfg = Release|Any CPU
		{79335FAF-8BC4-40C1-B3A7-B68698E01157}.Release|Any CPU.Build.0 = Release|Any CPU
	EndGlobalSection
	GlobalSection(SolutionProperties) = preSolution
		HideSolutionNode = FALSE
	EndGlobalSection
	GlobalSection(ExtensibilityGlobals) = postSolution
		SolutionGuid = {5B0AC5F0-C958-4F8C-8163-3F72FF3D71FB}
	EndGlobalSection
EndGlobal
